
Microsoft Visual Studio Solution File, Format Version 12.00
# Visual Studio Version 16
VisualStudioVersion = 16.0.29411.108
MinimumVisualStudioVersion = 10.0.40219.1
Project("{FAE04EC0-301F-11D3-BF4B-00C04F79EFBC}") = "MovieStore.Desktop", "MovieStore.Desktop\MovieStore.Desktop.csproj", "{99113CAD-1DBE-4DFF-AB2E-68B89D9F492D}"
EndProject
Project("{FAE04EC0-301F-11D3-BF4B-00C04F79EFBC}") = "MovieStore.Core", "MovieStore.Core\MovieStore.Core.csproj", "{CC7EAED4-C106-444B-8B0A-80A4E9A22A4A}"
EndProject
Project("{FAE04EC0-301F-11D3-BF4B-00C04F79EFBC}") = "MovieStore.Data", "MovieStore.Data\MovieStore.Data.csproj", "{6304D35D-AB28-486A-9A3F-F31D12D8EEB6}"
EndProject
Project("{FAE04EC0-301F-11D3-BF4B-00C04F79EFBC}") = "MovieStore.Domain", "MovieStore.Domain\MovieStore.Domain.csproj", "{3D94813E-0E44-4688-889F-29ABD70DFA09}"
EndProject
Global
	GlobalSection(SolutionConfigurationPlatforms) = preSolution
		Debug|Any CPU = Debug|Any CPU
		Debug|ARM = Debug|ARM
		Debug|ARM64 = Debug|ARM64
		Debug|x64 = Debug|x64
		Debug|x86 = Debug|x86
		Release|Any CPU = Release|Any CPU
		Release|ARM = Release|ARM
		Release|ARM64 = Release|ARM64
		Release|x64 = Release|x64
		Release|x86 = Release|x86
	EndGlobalSection
	GlobalSection(ProjectConfigurationPlatforms) = postSolution
		{99113CAD-1DBE-4DFF-AB2E-68B89D9F492D}.Debug|Any CPU.ActiveCfg = Debug|Any CPU
		{99113CAD-1DBE-4DFF-AB2E-68B89D9F492D}.Debug|Any CPU.Build.0 = Debug|Any CPU
		{99113CAD-1DBE-4DFF-AB2E-68B89D9F492D}.Debug|ARM.ActiveCfg = Debug|Any CPU
		{99113CAD-1DBE-4DFF-AB2E-68B89D9F492D}.Debug|ARM.Build.0 = Debug|Any CPU
		{99113CAD-1DBE-4DFF-AB2E-68B89D9F492D}.Debug|ARM64.ActiveCfg = Debug|Any CPU
		{99113CAD-1DBE-4DFF-AB2E-68B89D9F492D}.Debug|ARM64.Build.0 = Debug|Any CPU
		{99113CAD-1DBE-4DFF-AB2E-68B89D9F492D}.Debug|x64.ActiveCfg = Debug|Any CPU
		{99113CAD-1DBE-4DFF-AB2E-68B89D9F492D}.Debug|x64.Build.0 = Debug|Any CPU
		{99113CAD-1DBE-4DFF-AB2E-68B89D9F492D}.Debug|x86.ActiveCfg = Debug|Any CPU
		{99113CAD-1DBE-4DFF-AB2E-68B89D9F492D}.Debug|x86.Build.0 = Debug|Any CPU
		{99113CAD-1DBE-4DFF-AB2E-68B89D9F492D}.Release|Any CPU.ActiveCfg = Release|Any CPU
		{99113CAD-1DBE-4DFF-AB2E-68B89D9F492D}.Release|Any CPU.Build.0 = Release|Any CPU
		{99113CAD-1DBE-4DFF-AB2E-68B89D9F492D}.Release|ARM.ActiveCfg = Release|Any CPU
		{99113CAD-1DBE-4DFF-AB2E-68B89D9F492D}.Release|ARM.Build.0 = Release|Any CPU
		{99113CAD-1DBE-4DFF-AB2E-68B89D9F492D}.Release|ARM64.ActiveCfg = Release|Any CPU
		{99113CAD-1DBE-4DFF-AB2E-68B89D9F492D}.Release|ARM64.Build.0 = Release|Any CPU
		{99113CAD-1DBE-4DFF-AB2E-68B89D9F492D}.Release|x64.ActiveCfg = Release|Any CPU
		{99113CAD-1DBE-4DFF-AB2E-68B89D9F492D}.Release|x64.Build.0 = Release|Any CPU
		{99113CAD-1DBE-4DFF-AB2E-68B89D9F492D}.Release|x86.ActiveCfg = Release|Any CPU
		{99113CAD-1DBE-4DFF-AB2E-68B89D9F492D}.Release|x86.Build.0 = Release|Any CPU
		{CC7EAED4-C106-444B-8B0A-80A4E9A22A4A}.Debug|Any CPU.ActiveCfg = Debug|Any CPU
		{CC7EAED4-C106-444B-8B0A-80A4E9A22A4A}.Debug|Any CPU.Build.0 = Debug|Any CPU
		{CC7EAED4-C106-444B-8B0A-80A4E9A22A4A}.Debug|ARM.ActiveCfg = Debug|Any CPU
		{CC7EAED4-C106-444B-8B0A-80A4E9A22A4A}.Debug|ARM.Build.0 = Debug|Any CPU
		{CC7EAED4-C106-444B-8B0A-80A4E9A22A4A}.Debug|ARM64.ActiveCfg = Debug|Any CPU
		{CC7EAED4-C106-444B-8B0A-80A4E9A22A4A}.Debug|ARM64.Build.0 = Debug|Any CPU
		{CC7EAED4-C106-444B-8B0A-80A4E9A22A4A}.Debug|x64.ActiveCfg = Debug|Any CPU
		{CC7EAED4-C106-444B-8B0A-80A4E9A22A4A}.Debug|x64.Build.0 = Debug|Any CPU
		{CC7EAED4-C106-444B-8B0A-80A4E9A22A4A}.Debug|x86.ActiveCfg = Debug|Any CPU
		{CC7EAED4-C106-444B-8B0A-80A4E9A22A4A}.Debug|x86.Build.0 = Debug|Any CPU
		{CC7EAED4-C106-444B-8B0A-80A4E9A22A4A}.Release|Any CPU.ActiveCfg = Release|Any CPU
		{CC7EAED4-C106-444B-8B0A-80A4E9A22A4A}.Release|Any CPU.Build.0 = Release|Any CPU
		{CC7EAED4-C106-444B-8B0A-80A4E9A22A4A}.Release|ARM.ActiveCfg = Release|Any CPU
		{CC7EAED4-C106-444B-8B0A-80A4E9A22A4A}.Release|ARM.Build.0 = Release|Any CPU
		{CC7EAED4-C106-444B-8B0A-80A4E9A22A4A}.Release|ARM64.ActiveCfg = Release|Any CPU
		{CC7EAED4-C106-444B-8B0A-80A4E9A22A4A}.Release|ARM64.Build.0 = Release|Any CPU
		{CC7EAED4-C106-444B-8B0A-80A4E9A22A4A}.Release|x64.ActiveCfg = Release|Any CPU
		{CC7EAED4-C106-444B-8B0A-80A4E9A22A4A}.Release|x64.Build.0 = Release|Any CPU
		{CC7EAED4-C106-444B-8B0A-80A4E9A22A4A}.Release|x86.ActiveCfg = Release|Any CPU
		{CC7EAED4-C106-444B-8B0A-80A4E9A22A4A}.Release|x86.Build.0 = Release|Any CPU
		{6304D35D-AB28-486A-9A3F-F31D12D8EEB6}.Debug|Any CPU.ActiveCfg = Debug|Any CPU
		{6304D35D-AB28-486A-9A3F-F31D12D8EEB6}.Debug|Any CPU.Build.0 = Debug|Any CPU
		{6304D35D-AB28-486A-9A3F-F31D12D8EEB6}.Debug|ARM.ActiveCfg = Debug|Any CPU
		{6304D35D-AB28-486A-9A3F-F31D12D8EEB6}.Debug|ARM.Build.0 = Debug|Any CPU
		{6304D35D-AB28-486A-9A3F-F31D12D8EEB6}.Debug|ARM64.ActiveCfg = Debug|Any CPU
		{6304D35D-AB28-486A-9A3F-F31D12D8EEB6}.Debug|ARM64.Build.0 = Debug|Any CPU
		{6304D35D-AB28-486A-9A3F-F31D12D8EEB6}.Debug|x64.ActiveCfg = Debug|Any CPU
		{6304D35D-AB28-486A-9A3F-F31D12D8EEB6}.Debug|x64.Build.0 = Debug|Any CPU
		{6304D35D-AB28-486A-9A3F-F31D12D8EEB6}.Debug|x86.ActiveCfg = Debug|Any CPU
		{6304D35D-AB28-486A-9A3F-F31D12D8EEB6}.Debug|x86.Build.0 = Debug|Any CPU
		{6304D35D-AB28-486A-9A3F-F31D12D8EEB6}.Release|Any CPU.ActiveCfg = Release|Any CPU
		{6304D35D-AB28-486A-9A3F-F31D12D8EEB6}.Release|Any CPU.Build.0 = Release|Any CPU
		{6304D35D-AB28-486A-9A3F-F31D12D8EEB6}.Release|ARM.ActiveCfg = Release|Any CPU
		{6304D35D-AB28-486A-9A3F-F31D12D8EEB6}.Release|ARM.Build.0 = Release|Any CPU
		{6304D35D-AB28-486A-9A3F-F31D12D8EEB6}.Release|ARM64.ActiveCfg = Release|Any CPU
		{6304D35D-AB28-486A-9A3F-F31D12D8EEB6}.Release|ARM64.Build.0 = Release|Any CPU
		{6304D35D-AB28-486A-9A3F-F31D12D8EEB6}.Release|x64.ActiveCfg = Release|Any CPU
		{6304D35D-AB28-486A-9A3F-F31D12D8EEB6}.Release|x64.Build.0 = Release|Any CPU
		{6304D35D-AB28-486A-9A3F-F31D12D8EEB6}.Release|x86.ActiveCfg = Release|Any CPU
		{6304D35D-AB28-486A-9A3F-F31D12D8EEB6}.Release|x86.Build.0 = Release|Any CPU
		{3D94813E-0E44-4688-889F-29ABD70DFA09}.Debug|Any CPU.ActiveCfg = Debug|Any CPU
		{3D94813E-0E44-4688-889F-29ABD70DFA09}.Debug|Any CPU.Build.0 = Debug|Any CPU
		{3D94813E-0E44-4688-889F-29ABD70DFA09}.Debug|ARM.ActiveCfg = Debug|Any CPU
		{3D94813E-0E44-4688-889F-29ABD70DFA09}.Debug|ARM.Build.0 = Debug|Any CPU
		{3D94813E-0E44-4688-889F-29ABD70DFA09}.Debug|ARM64.ActiveCfg = Debug|Any CPU
		{3D94813E-0E44-4688-889F-29ABD70DFA09}.Debug|ARM64.Build.0 = Debug|Any CPU
		{3D94813E-0E44-4688-889F-29ABD70DFA09}.Debug|x64.ActiveCfg = Debug|Any CPU
		{3D94813E-0E44-4688-889F-29ABD70DFA09}.Debug|x64.Build.0 = Debug|Any CPU
		{3D94813E-0E44-4688-889F-29ABD70DFA09}.Debug|x86.ActiveCfg = Debug|Any CPU
		{3D94813E-0E44-4688-889F-29ABD70DFA09}.Debug|x86.Build.0 = Debug|Any CPU
		{3D94813E-0E44-4688-889F-29ABD70DFA09}.Release|Any CPU.ActiveCfg = Release|Any CPU
		{3D94813E-0E44-4688-889F-29ABD70DFA09}.Release|Any CPU.Build.0 = Release|Any CPU
		{3D94813E-0E44-4688-889F-29ABD70DFA09}.Release|ARM.ActiveCfg = Release|Any CPU
		{3D94813E-0E44-4688-889F-29ABD70DFA09}.Release|ARM.Build.0 = Release|Any CPU
		{3D94813E-0E44-4688-889F-29ABD70DFA09}.Release|ARM64.ActiveCfg = Release|Any CPU
		{3D94813E-0E44-4688-889F-29ABD70DFA09}.Release|ARM64.Build.0 = Release|Any CPU
		{3D94813E-0E44-4688-889F-29ABD70DFA09}.Release|x64.ActiveCfg = Release|Any CPU
		{3D94813E-0E44-4688-889F-29ABD70DFA09}.Release|x64.Build.0 = Release|Any CPU
		{3D94813E-0E44-4688-889F-29ABD70DFA09}.Release|x86.ActiveCfg = Release|Any CPU
		{3D94813E-0E44-4688-889F-29ABD70DFA09}.Release|x86.Build.0 = Release|Any CPU
	EndGlobalSection
	GlobalSection(SolutionProperties) = preSolution
		HideSolutionNode = FALSE
	EndGlobalSection
	GlobalSection(ExtensibilityGlobals) = postSolution
		SolutionGuid = {23F8B84C-8BAE-43BF-AF31-D98FC7851AF6}
	EndGlobalSection
EndGlobal
